
Microsoft Visual Studio Solution File, Format Version 12.00
# Visual Studio Version 16
VisualStudioVersion = 16.0.30621.155
MinimumVisualStudioVersion = 10.0.40219.1
Project("{FAE04EC0-301F-11D3-BF4B-00C04F79EFBC}") = "LabOOP_4.1", "LabOOP_4.1\LabOOP_4.1.csproj", "{3C2D57F5-ECF6-4140-A4A1-88801692C865}"
EndProject
Global
	GlobalSection(SolutionConfigurationPlatforms) = preSolution
		Debug|Any CPU = Debug|Any CPU
		Release|Any CPU = Release|Any CPU
	EndGlobalSection
	GlobalSection(ProjectConfigurationPlatforms) = postSolution
		{3C2D57F5-ECF6-4140-A4A1-88801692C865}.Debug|Any CPU.ActiveCfg = Debug|Any CPU
		{3C2D57F5-ECF6-4140-A4A1-88801692C865}.Debug|Any CPU.Build.0 = Debug|Any CPU
		{3C2D57F5-ECF6-4140-A4A1-88801692C865}.Release|Any CPU.ActiveCfg = Release|Any CPU
		{3C2D57F5-ECF6-4140-A4A1-88801692C865}.Release|Any CPU.Build.0 = Release|Any CPU
	EndGlobalSection
	GlobalSection(SolutionProperties) = preSolution
		HideSolutionNode = FALSE
	EndGlobalSection
	GlobalSection(ExtensibilityGlobals) = postSolution
		SolutionGuid = {490987BC-069B-47F3-BB0A-CFBC3098BE75}
	EndGlobalSection
EndGlobal
